// !$*UTF8*$!
{
	archiveVersion = 1;
	classes = {
	};
	objectVersion = 46;
	objects = {

/* Begin PBXBuildFile section */
		9234ADB11FA17EFB0012C0CA /* AppDelegate.swift in Sources */ = {isa = PBXBuildFile; fileRef = 9234ADB01FA17EFB0012C0CA /* AppDelegate.swift */; };
		9234ADB31FA17EFB0012C0CA /* ViewController.swift in Sources */ = {isa = PBXBuildFile; fileRef = 9234ADB21FA17EFB0012C0CA /* ViewController.swift */; };
		9234ADB61FA17EFB0012C0CA /* Main.storyboard in Resources */ = {isa = PBXBuildFile; fileRef = 9234ADB41FA17EFB0012C0CA /* Main.storyboard */; };
		9234ADB81FA17EFB0012C0CA /* Assets.xcassets in Resources */ = {isa = PBXBuildFile; fileRef = 9234ADB71FA17EFB0012C0CA /* Assets.xcassets */; };
		9234ADBB1FA17EFB0012C0CA /* LaunchScreen.storyboard in Resources */ = {isa = PBXBuildFile; fileRef = 9234ADB91FA17EFB0012C0CA /* LaunchScreen.storyboard */; };
		9234ADC61FA17EFC0012C0CA /* Cudate_Tests.swift in Sources */ = {isa = PBXBuildFile; fileRef = 9234ADC51FA17EFC0012C0CA /* Cudate_Tests.swift */; };
		9234ADD11FA17EFC0012C0CA /* Cudate_UITests.swift in Sources */ = {isa = PBXBuildFile; fileRef = 9234ADD01FA17EFC0012C0CA /* Cudate_UITests.swift */; };
/* End PBXBuildFile section */

/* Begin PBXContainerItemProxy section */
		9234ADC21FA17EFC0012C0CA /* PBXContainerItemProxy */ = {
			isa = PBXContainerItemProxy;
			containerPortal = 9234ADA51FA17EFB0012C0CA /* Project object */;
			proxyType = 1;
			remoteGlobalIDString = 9234ADAC1FA17EFB0012C0CA;
			remoteInfo = "Cudate!";
		};
		9234ADCD1FA17EFC0012C0CA /* PBXContainerItemProxy */ = {
			isa = PBXContainerItemProxy;
			containerPortal = 9234ADA51FA17EFB0012C0CA /* Project object */;
			proxyType = 1;
			remoteGlobalIDString = 9234ADAC1FA17EFB0012C0CA;
			remoteInfo = "Cudate!";
		};
/* End PBXContainerItemProxy section */

/* Begin PBXFileReference section */
		9234ADAD1FA17EFB0012C0CA /* Cudate!.app */ = {isa = PBXFileReference; explicitFileType = wrapper.application; includeInIndex = 0; path = "Cudate!.app"; sourceTree = BUILT_PRODUCTS_DIR; };
		9234ADB01FA17EFB0012C0CA /* AppDelegate.swift */ = {isa = PBXFileReference; lastKnownFileType = sourcecode.swift; path = AppDelegate.swift; sourceTree = "<group>"; };
		9234ADB21FA17EFB0012C0CA /* ViewController.swift */ = {isa = PBXFileReference; lastKnownFileType = sourcecode.swift; path = ViewController.swift; sourceTree = "<group>"; };
		9234ADB51FA17EFB0012C0CA /* Base */ = {isa = PBXFileReference; lastKnownFileType = file.storyboard; name = Base; path = Base.lproj/Main.storyboard; sourceTree = "<group>"; };
		9234ADB71FA17EFB0012C0CA /* Assets.xcassets */ = {isa = PBXFileReference; lastKnownFileType = folder.assetcatalog; path = Assets.xcassets; sourceTree = "<group>"; };
		9234ADBA1FA17EFB0012C0CA /* Base */ = {isa = PBXFileReference; lastKnownFileType = file.storyboard; name = Base; path = Base.lproj/LaunchScreen.storyboard; sourceTree = "<group>"; };
		9234ADBC1FA17EFB0012C0CA /* Info.plist */ = {isa = PBXFileReference; lastKnownFileType = text.plist.xml; path = Info.plist; sourceTree = "<group>"; };
		9234ADC11FA17EFB0012C0CA /* Cudate!Tests.xctest */ = {isa = PBXFileReference; explicitFileType = wrapper.cfbundle; includeInIndex = 0; path = "Cudate!Tests.xctest"; sourceTree = BUILT_PRODUCTS_DIR; };
		9234ADC51FA17EFC0012C0CA /* Cudate_Tests.swift */ = {isa = PBXFileReference; lastKnownFileType = sourcecode.swift; path = Cudate_Tests.swift; sourceTree = "<group>"; };
		9234ADC71FA17EFC0012C0CA /* Info.plist */ = {isa = PBXFileReference; lastKnownFileType = text.plist.xml; path = Info.plist; sourceTree = "<group>"; };
		9234ADCC1FA17EFC0012C0CA /* Cudate!UITests.xctest */ = {isa = PBXFileReference; explicitFileType = wrapper.cfbundle; includeInIndex = 0; path = "Cudate!UITests.xctest"; sourceTree = BUILT_PRODUCTS_DIR; };
		9234ADD01FA17EFC0012C0CA /* Cudate_UITests.swift */ = {isa = PBXFileReference; lastKnownFileType = sourcecode.swift; path = Cudate_UITests.swift; sourceTree = "<group>"; };
		9234ADD21FA17EFC0012C0CA /* Info.plist */ = {isa = PBXFileReference; lastKnownFileType = text.plist.xml; path = Info.plist; sourceTree = "<group>"; };
/* End PBXFileReference section */

/* Begin PBXFrameworksBuildPhase section */
		9234ADAA1FA17EFB0012C0CA /* Frameworks */ = {
			isa = PBXFrameworksBuildPhase;
			buildActionMask = 2147483647;
			files = (
			);
			runOnlyForDeploymentPostprocessing = 0;
		};
		9234ADBE1FA17EFB0012C0CA /* Frameworks */ = {
			isa = PBXFrameworksBuildPhase;
			buildActionMask = 2147483647;
			files = (
			);
			runOnlyForDeploymentPostprocessing = 0;
		};
		9234ADC91FA17EFC0012C0CA /* Frameworks */ = {
			isa = PBXFrameworksBuildPhase;
			buildActionMask = 2147483647;
			files = (
			);
			runOnlyForDeploymentPostprocessing = 0;
		};
/* End PBXFrameworksBuildPhase section */

/* Begin PBXGroup section */
		9234ADA41FA17EFB0012C0CA = {
			isa = PBXGroup;
			children = (
				9234ADAF1FA17EFB0012C0CA /* Cudate! */,
				9234ADC41FA17EFC0012C0CA /* Cudate!Tests */,
				9234ADCF1FA17EFC0012C0CA /* Cudate!UITests */,
				9234ADAE1FA17EFB0012C0CA /* Products */,
			);
			sourceTree = "<group>";
		};
		9234ADAE1FA17EFB0012C0CA /* Products */ = {
			isa = PBXGroup;
			children = (
				9234ADAD1FA17EFB0012C0CA /* Cudate!.app */,
				9234ADC11FA17EFB0012C0CA /* Cudate!Tests.xctest */,
				9234ADCC1FA17EFC0012C0CA /* Cudate!UITests.xctest */,
			);
			name = Products;
			sourceTree = "<group>";
		};
		9234ADAF1FA17EFB0012C0CA /* Cudate! */ = {
			isa = PBXGroup;
			children = (
				9234ADB01FA17EFB0012C0CA /* AppDelegate.swift */,
				9234ADB21FA17EFB0012C0CA /* ViewController.swift */,
				9234ADB41FA17EFB0012C0CA /* Main.storyboard */,
				9234ADB71FA17EFB0012C0CA /* Assets.xcassets */,
				9234ADB91FA17EFB0012C0CA /* LaunchScreen.storyboard */,
				9234ADBC1FA17EFB0012C0CA /* Info.plist */,
			);
			path = "Cudate!";
			sourceTree = "<group>";
		};
		9234ADC41FA17EFC0012C0CA /* Cudate!Tests */ = {
			isa = PBXGroup;
			children = (
				9234ADC51FA17EFC0012C0CA /* Cudate_Tests.swift */,
				9234ADC71FA17EFC0012C0CA /* Info.plist */,
			);
			path = "Cudate!Tests";
			sourceTree = "<group>";
		};
		9234ADCF1FA17EFC0012C0CA /* Cudate!UITests */ = {
			isa = PBXGroup;
			children = (
				9234ADD01FA17EFC0012C0CA /* Cudate_UITests.swift */,
				9234ADD21FA17EFC0012C0CA /* Info.plist */,
			);
			path = "Cudate!UITests";
			sourceTree = "<group>";
		};
/* End PBXGroup section */

/* Begin PBXNativeTarget section */
		9234ADAC1FA17EFB0012C0CA /* Cudate! */ = {
			isa = PBXNativeTarget;
			buildConfigurationList = 9234ADD51FA17EFC0012C0CA /* Build configuration list for PBXNativeTarget "Cudate!" */;
			buildPhases = (
				9234ADA91FA17EFB0012C0CA /* Sources */,
				9234ADAA1FA17EFB0012C0CA /* Frameworks */,
				9234ADAB1FA17EFB0012C0CA /* Resources */,
			);
			buildRules = (
			);
			dependencies = (
			);
			name = "Cudate!";
			productName = "Cudate!";
			productReference = 9234ADAD1FA17EFB0012C0CA /* Cudate!.app */;
			productType = "com.apple.product-type.application";
		};
		9234ADC01FA17EFB0012C0CA /* Cudate!Tests */ = {
			isa = PBXNativeTarget;
			buildConfigurationList = 9234ADD81FA17EFC0012C0CA /* Build configuration list for PBXNativeTarget "Cudate!Tests" */;
			buildPhases = (
				9234ADBD1FA17EFB0012C0CA /* Sources */,
				9234ADBE1FA17EFB0012C0CA /* Frameworks */,
				9234ADBF1FA17EFB0012C0CA /* Resources */,
			);
			buildRules = (
			);
			dependencies = (
				9234ADC31FA17EFC0012C0CA /* PBXTargetDependency */,
			);
			name = "Cudate!Tests";
			productName = "Cudate!Tests";
			productReference = 9234ADC11FA17EFB0012C0CA /* Cudate!Tests.xctest */;
			productType = "com.apple.product-type.bundle.unit-test";
		};
		9234ADCB1FA17EFC0012C0CA /* Cudate!UITests */ = {
			isa = PBXNativeTarget;
			buildConfigurationList = 9234ADDB1FA17EFC0012C0CA /* Build configuration list for PBXNativeTarget "Cudate!UITests" */;
			buildPhases = (
				9234ADC81FA17EFC0012C0CA /* Sources */,
				9234ADC91FA17EFC0012C0CA /* Frameworks */,
				9234ADCA1FA17EFC0012C0CA /* Resources */,
			);
			buildRules = (
			);
			dependencies = (
				9234ADCE1FA17EFC0012C0CA /* PBXTargetDependency */,
			);
			name = "Cudate!UITests";
			productName = "Cudate!UITests";
			productReference = 9234ADCC1FA17EFC0012C0CA /* Cudate!UITests.xctest */;
			productType = "com.apple.product-type.bundle.ui-testing";
		};
/* End PBXNativeTarget section */

/* Begin PBXProject section */
		9234ADA51FA17EFB0012C0CA /* Project object */ = {
			isa = PBXProject;
			attributes = {
				LastSwiftUpdateCheck = 0830;
				LastUpgradeCheck = 0830;
				ORGANIZATIONNAME = "Michael Doroff";
				TargetAttributes = {
					9234ADAC1FA17EFB0012C0CA = {
						CreatedOnToolsVersion = 8.3.3;
						DevelopmentTeam = 59246CF2XH;
						ProvisioningStyle = Automatic;
					};
					9234ADC01FA17EFB0012C0CA = {
						CreatedOnToolsVersion = 8.3.3;
						DevelopmentTeam = 59246CF2XH;
						ProvisioningStyle = Automatic;
						TestTargetID = 9234ADAC1FA17EFB0012C0CA;
					};
					9234ADCB1FA17EFC0012C0CA = {
						CreatedOnToolsVersion = 8.3.3;
						DevelopmentTeam = 59246CF2XH;
						ProvisioningStyle = Automatic;
						TestTargetID = 9234ADAC1FA17EFB0012C0CA;
					};
				};
			};
			buildConfigurationList = 9234ADA81FA17EFB0012C0CA /* Build configuration list for PBXProject "Cudate!" */;
			compatibilityVersion = "Xcode 3.2";
			developmentRegion = English;
			hasScannedForEncodings = 0;
			knownRegions = (
				en,
				Base,
			);
			mainGroup = 9234ADA41FA17EFB0012C0CA;
			productRefGroup = 9234ADAE1FA17EFB0012C0CA /* Products */;
			projectDirPath = "";
			projectRoot = "";
			targets = (
				9234ADAC1FA17EFB0012C0CA /* Cudate! */,
				9234ADC01FA17EFB0012C0CA /* Cudate!Tests */,
				9234ADCB1FA17EFC0012C0CA /* Cudate!UITests */,
			);
		};
/* End PBXProject section */

/* Begin PBXResourcesBuildPhase section */
		9234ADAB1FA17EFB0012C0CA /* Resources */ = {
			isa = PBXResourcesBuildPhase;
			buildActionMask = 2147483647;
			files = (
				9234ADBB1FA17EFB0012C0CA /* LaunchScreen.storyboard in Resources */,
				9234ADB81FA17EFB0012C0CA /* Assets.xcassets in Resources */,
				9234ADB61FA17EFB0012C0CA /* Main.storyboard in Resources */,
			);
			runOnlyForDeploymentPostprocessing = 0;
		};
		9234ADBF1FA17EFB0012C0CA /* Resources */ = {
			isa = PBXResourcesBuildPhase;
			buildActionMask = 2147483647;
			files = (
			);
			runOnlyForDeploymentPostprocessing = 0;
		};
		9234ADCA1FA17EFC0012C0CA /* Resources */ = {
			isa = PBXResourcesBuildPhase;
			buildActionMask = 2147483647;
			files = (
			);
			runOnlyForDeploymentPostprocessing = 0;
		};
/* End PBXResourcesBuildPhase section */

/* Begin PBXSourcesBuildPhase section */
		9234ADA91FA17EFB0012C0CA /* Sources */ = {
			isa = PBXSourcesBuildPhase;
			buildActionMask = 2147483647;
			files = (
				9234ADB31FA17EFB0012C0CA /* ViewController.swift in Sources */,
				9234ADB11FA17EFB0012C0CA /* AppDelegate.swift in Sources */,
			);
			runOnlyForDeploymentPostprocessing = 0;
		};
		9234ADBD1FA17EFB0012C0CA /* Sources */ = {
			isa = PBXSourcesBuildPhase;
			buildActionMask = 2147483647;
			files = (
				9234ADC61FA17EFC0012C0CA /* Cudate_Tests.swift in Sources */,
			);
			runOnlyForDeploymentPostprocessing = 0;
		};
		9234ADC81FA17EFC0012C0CA /* Sources */ = {
			isa = PBXSourcesBuildPhase;
			buildActionMask = 2147483647;
			files = (
				9234ADD11FA17EFC0012C0CA /* Cudate_UITests.swift in Sources */,
			);
			runOnlyForDeploymentPostprocessing = 0;
		};
/* End PBXSourcesBuildPhase section */

/* Begin PBXTargetDependency section */
		9234ADC31FA17EFC0012C0CA /* PBXTargetDependency */ = {
			isa = PBXTargetDependency;
			target = 9234ADAC1FA17EFB0012C0CA /* Cudate! */;
			targetProxy = 9234ADC21FA17EFC0012C0CA /* PBXContainerItemProxy */;
		};
		9234ADCE1FA17EFC0012C0CA /* PBXTargetDependency */ = {
			isa = PBXTargetDependency;
			target = 9234ADAC1FA17EFB0012C0CA /* Cudate! */;
			targetProxy = 9234ADCD1FA17EFC0012C0CA /* PBXContainerItemProxy */;
		};
/* End PBXTargetDependency section */

/* Begin PBXVariantGroup section */
		9234ADB41FA17EFB0012C0CA /* Main.storyboard */ = {
			isa = PBXVariantGroup;
			children = (
				9234ADB51FA17EFB0012C0CA /* Base */,
			);
			name = Main.storyboard;
			sourceTree = "<group>";
		};
		9234ADB91FA17EFB0012C0CA /* LaunchScreen.storyboard */ = {
			isa = PBXVariantGroup;
			children = (
				9234ADBA1FA17EFB0012C0CA /* Base */,
			);
			name = LaunchScreen.storyboard;
			sourceTree = "<group>";
		};
/* End PBXVariantGroup section */

/* Begin XCBuildConfiguration section */
		9234ADD31FA17EFC0012C0CA /* Debug */ = {
			isa = XCBuildConfiguration;
			buildSettings = {
				ALWAYS_SEARCH_USER_PATHS = NO;
				CLANG_ANALYZER_NONNULL = YES;
				CLANG_ANALYZER_NUMBER_OBJECT_CONVERSION = YES_AGGRESSIVE;
				CLANG_CXX_LANGUAGE_STANDARD = "gnu++0x";
				CLANG_CXX_LIBRARY = "libc++";
				CLANG_ENABLE_MODULES = YES;
				CLANG_ENABLE_OBJC_ARC = YES;
				CLANG_WARN_BOOL_CONVERSION = YES;
				CLANG_WARN_CONSTANT_CONVERSION = YES;
				CLANG_WARN_DIRECT_OBJC_ISA_USAGE = YES_ERROR;
				CLANG_WARN_DOCUMENTATION_COMMENTS = YES;
				CLANG_WARN_EMPTY_BODY = YES;
				CLANG_WARN_ENUM_CONVERSION = YES;
				CLANG_WARN_INFINITE_RECURSION = YES;
				CLANG_WARN_INT_CONVERSION = YES;
				CLANG_WARN_OBJC_ROOT_CLASS = YES_ERROR;
				CLANG_WARN_SUSPICIOUS_MOVE = YES;
				CLANG_WARN_UNREACHABLE_CODE = YES;
				CLANG_WARN__DUPLICATE_METHOD_MATCH = YES;
				"CODE_SIGN_IDENTITY[sdk=iphoneos*]" = "iPhone Developer";
				COPY_PHASE_STRIP = NO;
				DEBUG_INFORMATION_FORMAT = dwarf;
				ENABLE_STRICT_OBJC_MSGSEND = YES;
				ENABLE_TESTABILITY = YES;
				GCC_C_LANGUAGE_STANDARD = gnu99;
				GCC_DYNAMIC_NO_PIC = NO;
				GCC_NO_COMMON_BLOCKS = YES;
				GCC_OPTIMIZATION_LEVEL = 0;
				GCC_PREPROCESSOR_DEFINITIONS = (
					"DEBUG=1",
					"$(inherited)",
				);
				GCC_WARN_64_TO_32_BIT_CONVERSION = YES;
				GCC_WARN_ABOUT_RETURN_TYPE = YES_ERROR;
				GCC_WARN_UNDECLARED_SELECTOR = YES;
				GCC_WARN_UNINITIALIZED_AUTOS = YES_AGGRESSIVE;
				GCC_WARN_UNUSED_FUNCTION = YES;
				GCC_WARN_UNUSED_VARIABLE = YES;
				IPHONEOS_DEPLOYMENT_TARGET = 10.3;
				MTL_ENABLE_DEBUG_INFO = YES;
				ONLY_ACTIVE_ARCH = YES;
				SDKROOT = iphoneos;
				SWIFT_ACTIVE_COMPILATION_CONDITIONS = DEBUG;
				SWIFT_OPTIMIZATION_LEVEL = "-Onone";
			};
			name = Debug;
		};
		9234ADD41FA17EFC0012C0CA /* Release */ = {
			isa = XCBuildConfiguration;
			buildSettings = {
				ALWAYS_SEARCH_USER_PATHS = NO;
				CLANG_ANALYZER_NONNULL = YES;
				CLANG_ANALYZER_NUMBER_OBJECT_CONVERSION = YES_AGGRESSIVE;
				CLANG_CXX_LANGUAGE_STANDARD = "gnu++0x";
				CLANG_CXX_LIBRARY = "libc++";
				CLANG_ENABLE_MODULES = YES;
				CLANG_ENABLE_OBJC_ARC = YES;
				CLANG_WARN_BOOL_CONVERSION = YES;
				CLANG_WARN_CONSTANT_CONVERSION = YES;
				CLANG_WARN_DIRECT_OBJC_ISA_USAGE = YES_ERROR;
				CLANG_WARN_DOCUMENTATION_COMMENTS = YES;
				CLANG_WARN_EMPTY_BODY = YES;
				CLANG_WARN_ENUM_CONVERSION = YES;
				CLANG_WARN_INFINITE_RECURSION = YES;
				CLANG_WARN_INT_CONVERSION = YES;
				CLANG_WARN_OBJC_ROOT_CLASS = YES_ERROR;
				CLANG_WARN_SUSPICIOUS_MOVE = YES;
				CLANG_WARN_UNREACHABLE_CODE = YES;
				CLANG_WARN__DUPLICATE_METHOD_MATCH = YES;
				"CODE_SIGN_IDENTITY[sdk=iphoneos*]" = "iPhone Developer";
				COPY_PHASE_STRIP = NO;
				DEBUG_INFORMATION_FORMAT = "dwarf-with-dsym";
				ENABLE_NS_ASSERTIONS = NO;
				ENABLE_STRICT_OBJC_MSGSEND = YES;
				GCC_C_LANGUAGE_STANDARD = gnu99;
				GCC_NO_COMMON_BLOCKS = YES;
				GCC_WARN_64_TO_32_BIT_CONVERSION = YES;
				GCC_WARN_ABOUT_RETURN_TYPE = YES_ERROR;
				GCC_WARN_UNDECLARED_SELECTOR = YES;
				GCC_WARN_UNINITIALIZED_AUTOS = YES_AGGRESSIVE;
				GCC_WARN_UNUSED_FUNCTION = YES;
				GCC_WARN_UNUSED_VARIABLE = YES;
				IPHONEOS_DEPLOYMENT_TARGET = 10.3;
				MTL_ENABLE_DEBUG_INFO = NO;
				SDKROOT = iphoneos;
				SWIFT_OPTIMIZATION_LEVEL = "-Owholemodule";
				VALIDATE_PRODUCT = YES;
			};
			name = Release;
		};
		9234ADD61FA17EFC0012C0CA /* Debug */ = {
			isa = XCBuildConfiguration;
			buildSettings = {
				ASSETCATALOG_COMPILER_APPICON_NAME = AppIcon;
				DEVELOPMENT_TEAM = 59246CF2XH;
				INFOPLIST_FILE = "Cudate!/Info.plist";
				LD_RUNPATH_SEARCH_PATHS = "$(inherited) @executable_path/Frameworks";
				PRODUCT_BUNDLE_IDENTIFIER = "www.google.com.Cudate-";
				PRODUCT_NAME = "$(TARGET_NAME)";
				SWIFT_VERSION = 3.0;
			};
			name = Debug;
		};
		9234ADD71FA17EFC0012C0CA /* Release */ = {
			isa = XCBuildConfiguration;
			buildSettings = {
				ASSETCATALOG_COMPILER_APPICON_NAME = AppIcon;
				DEVELOPMENT_TEAM = 59246CF2XH;
				INFOPLIST_FILE = "Cudate!/Info.plist";
				LD_RUNPATH_SEARCH_PATHS = "$(inherited) @executable_path/Frameworks";
				PRODUCT_BUNDLE_IDENTIFIER = "www.google.com.Cudate-";
				PRODUCT_NAME = "$(TARGET_NAME)";
				SWIFT_VERSION = 3.0;
			};
			name = Release;
		};
		9234ADD91FA17EFC0012C0CA /* Debug */ = {
			isa = XCBuildConfiguration;
			buildSettings = {
				ALWAYS_EMBED_SWIFT_STANDARD_LIBRARIES = YES;
				BUNDLE_LOADER = "$(TEST_HOST)";
				DEVELOPMENT_TEAM = 59246CF2XH;
				INFOPLIST_FILE = "Cudate!Tests/Info.plist";
				LD_RUNPATH_SEARCH_PATHS = "$(inherited) @executable_path/Frameworks @loader_path/Frameworks";
				PRODUCT_BUNDLE_IDENTIFIER = "www.google.com.Cudate-Tests";
				PRODUCT_NAME = "$(TARGET_NAME)";
				SWIFT_VERSION = 3.0;
				TEST_HOST = "$(BUILT_PRODUCTS_DIR)/Cudate!.app/Cudate!";
			};
			name = Debug;
		};
		9234ADDA1FA17EFC0012C0CA /* Release */ = {
			isa = XCBuildConfiguration;
			buildSettings = {
				ALWAYS_EMBED_SWIFT_STANDARD_LIBRARIES = YES;
				BUNDLE_LOADER = "$(TEST_HOST)";
				DEVELOPMENT_TEAM = 59246CF2XH;
				INFOPLIST_FILE = "Cudate!Tests/Info.plist";
				LD_RUNPATH_SEARCH_PATHS = "$(inherited) @executable_path/Frameworks @loader_path/Frameworks";
				PRODUCT_BUNDLE_IDENTIFIER = "www.google.com.Cudate-Tests";
				PRODUCT_NAME = "$(TARGET_NAME)";
				SWIFT_VERSION = 3.0;
				TEST_HOST = "$(BUILT_PRODUCTS_DIR)/Cudate!.app/Cudate!";
			};
			name = Release;
		};
		9234ADDC1FA17EFC0012C0CA /* Debug */ = {
			isa = XCBuildConfiguration;
			buildSettings = {
				ALWAYS_EMBED_SWIFT_STANDARD_LIBRARIES = YES;
				DEVELOPMENT_TEAM = 59246CF2XH;
				INFOPLIST_FILE = "Cudate!UITests/Info.plist";
				LD_RUNPATH_SEARCH_PATHS = "$(inherited) @executable_path/Frameworks @loader_path/Frameworks";
				PRODUCT_BUNDLE_IDENTIFIER = "www.google.com.Cudate-UITests";
				PRODUCT_NAME = "$(TARGET_NAME)";
				SWIFT_VERSION = 3.0;
				TEST_TARGET_NAME = "Cudate!";
			};
			name = Debug;
		};
		9234ADDD1FA17EFC0012C0CA /* Release */ = {
			isa = XCBuildConfiguration;
			buildSettings = {
				ALWAYS_EMBED_SWIFT_STANDARD_LIBRARIES = YES;
				DEVELOPMENT_TEAM = 59246CF2XH;
				INFOPLIST_FILE = "Cudate!UITests/Info.plist";
				LD_RUNPATH_SEARCH_PATHS = "$(inherited) @executable_path/Frameworks @loader_path/Frameworks";
				PRODUCT_BUNDLE_IDENTIFIER = "www.google.com.Cudate-UITests";
				PRODUCT_NAME = "$(TARGET_NAME)";
				SWIFT_VERSION = 3.0;
				TEST_TARGET_NAME = "Cudate!";
			};
			name = Release;
		};
/* End XCBuildConfiguration section */

/* Begin XCConfigurationList section */
		9234ADA81FA17EFB0012C0CA /* Build configuration list for PBXProject "Cudate!" */ = {
			isa = XCConfigurationList;
			buildConfigurations = (
				9234ADD31FA17EFC0012C0CA /* Debug */,
				9234ADD41FA17EFC0012C0CA /* Release */,
			);
			defaultConfigurationIsVisible = 0;
			defaultConfigurationName = Release;
		};
		9234ADD51FA17EFC0012C0CA /* Build configuration list for PBXNativeTarget "Cudate!" */ = {
			isa = XCConfigurationList;
			buildConfigurations = (
				9234ADD61FA17EFC0012C0CA /* Debug */,
				9234ADD71FA17EFC0012C0CA /* Release */,
			);
			defaultConfigurationIsVisible = 0;
		};
		9234ADD81FA17EFC0012C0CA /* Build configuration list for PBXNativeTarget "Cudate!Tests" */ = {
			isa = XCConfigurationList;
			buildConfigurations = (
				9234ADD91FA17EFC0012C0CA /* Debug */,
				9234ADDA1FA17EFC0012C0CA /* Release */,
			);
			defaultConfigurationIsVisible = 0;
		};
		9234ADDB1FA17EFC0012C0CA /* Build configuration list for PBXNativeTarget "Cudate!UITests" */ = {
			isa = XCConfigurationList;
			buildConfigurations = (
				9234ADDC1FA17EFC0012C0CA /* Debug */,
				9234ADDD1FA17EFC0012C0CA /* Release */,
			);
			defaultConfigurationIsVisible = 0;
		};
/* End XCConfigurationList section */
	};
	rootObject = 9234ADA51FA17EFB0012C0CA /* Project object */;
}
