// !$*UTF8*$!
{
	archiveVersion = 1;
	classes = {
	};
	objectVersion = 46;
	objects = {

/* Begin PBXBuildFile section */
		6EA6D9F22347B1C6F96B1218 /* Pods_Cudate_Tests.framework in Frameworks */ = {isa = PBXBuildFile; fileRef = BD4D7FB046ED1324032E3767 /* Pods_Cudate_Tests.framework */; };
		89E3D2FC4F733706D194CD31 /* Pods_Cudate_.framework in Frameworks */ = {isa = PBXBuildFile; fileRef = B8A7836E2965515DD73042C4 /* Pods_Cudate_.framework */; };
		9234ADB11FA17EFB0012C0CA /* AppDelegate.swift in Sources */ = {isa = PBXBuildFile; fileRef = 9234ADB01FA17EFB0012C0CA /* AppDelegate.swift */; };
		9234ADB31FA17EFB0012C0CA /* LoginViewController.swift in Sources */ = {isa = PBXBuildFile; fileRef = 9234ADB21FA17EFB0012C0CA /* LoginViewController.swift */; };
		9234ADB61FA17EFB0012C0CA /* Main.storyboard in Resources */ = {isa = PBXBuildFile; fileRef = 9234ADB41FA17EFB0012C0CA /* Main.storyboard */; };
		9234ADB81FA17EFB0012C0CA /* Assets.xcassets in Resources */ = {isa = PBXBuildFile; fileRef = 9234ADB71FA17EFB0012C0CA /* Assets.xcassets */; };
		9234ADBB1FA17EFB0012C0CA /* LaunchScreen.storyboard in Resources */ = {isa = PBXBuildFile; fileRef = 9234ADB91FA17EFB0012C0CA /* LaunchScreen.storyboard */; };
		9234ADC61FA17EFC0012C0CA /* Cudate_Tests.swift in Sources */ = {isa = PBXBuildFile; fileRef = 9234ADC51FA17EFC0012C0CA /* Cudate_Tests.swift */; };
		9234ADD11FA17EFC0012C0CA /* Cudate_UITests.swift in Sources */ = {isa = PBXBuildFile; fileRef = 9234ADD01FA17EFC0012C0CA /* Cudate_UITests.swift */; };
		9234ADDF1FA2DDEB0012C0CA /* CustomButtons.swift in Sources */ = {isa = PBXBuildFile; fileRef = 9234ADDE1FA2DDEB0012C0CA /* CustomButtons.swift */; };
		9234ADE11FA94A450012C0CA /* GoogleService-Info.plist in Resources */ = {isa = PBXBuildFile; fileRef = 9234ADE01FA94A450012C0CA /* GoogleService-Info.plist */; };
		9234ADE81FAA96850012C0CA /* FirebaseNetworking.swift in Sources */ = {isa = PBXBuildFile; fileRef = 9234ADE71FAA96850012C0CA /* FirebaseNetworking.swift */; };
		9234ADEC1FB14A8E0012C0CA /* MapViewController.swift in Sources */ = {isa = PBXBuildFile; fileRef = 9234ADEB1FB14A8E0012C0CA /* MapViewController.swift */; };
		9234ADEE1FB14AA20012C0CA /* TableViewController.swift in Sources */ = {isa = PBXBuildFile; fileRef = 9234ADED1FB14AA20012C0CA /* TableViewController.swift */; };
		924055391FC9D85200118235 /* CustomGeneralViews.swift in Sources */ = {isa = PBXBuildFile; fileRef = 924055381FC9D85200118235 /* CustomGeneralViews.swift */; };
		9240553C1FC9D8BD00118235 /* RegisterHandlerClass.swift in Sources */ = {isa = PBXBuildFile; fileRef = 9240553B1FC9D8BD00118235 /* RegisterHandlerClass.swift */; };
		9240553E1FC9D95F00118235 /* CustomTextFields.swift in Sources */ = {isa = PBXBuildFile; fileRef = 9240553D1FC9D95F00118235 /* CustomTextFields.swift */; };
		924055411FC9DBAA00118235 /* ButtonsFromAPIs.swift in Sources */ = {isa = PBXBuildFile; fileRef = 924055401FC9DBAA00118235 /* ButtonsFromAPIs.swift */; };
		9FA7E6110B3FDFEF18A933D5 /* Pods_Cudate_UITests.framework in Frameworks */ = {isa = PBXBuildFile; fileRef = 12658CCDB4D2E209271043D4 /* Pods_Cudate_UITests.framework */; };
/* End PBXBuildFile section */

/* Begin PBXContainerItemProxy section */
		9234ADC21FA17EFC0012C0CA /* PBXContainerItemProxy */ = {
			isa = PBXContainerItemProxy;
			containerPortal = 9234ADA51FA17EFB0012C0CA /* Project object */;
			proxyType = 1;
			remoteGlobalIDString = 9234ADAC1FA17EFB0012C0CA;
			remoteInfo = "Cudate!";
		};
		9234ADCD1FA17EFC0012C0CA /* PBXContainerItemProxy */ = {
			isa = PBXContainerItemProxy;
			containerPortal = 9234ADA51FA17EFB0012C0CA /* Project object */;
			proxyType = 1;
			remoteGlobalIDString = 9234ADAC1FA17EFB0012C0CA;
			remoteInfo = "Cudate!";
		};
/* End PBXContainerItemProxy section */

/* Begin PBXFileReference section */
		12658CCDB4D2E209271043D4 /* Pods_Cudate_UITests.framework */ = {isa = PBXFileReference; explicitFileType = wrapper.framework; includeInIndex = 0; path = Pods_Cudate_UITests.framework; sourceTree = BUILT_PRODUCTS_DIR; };
		1666B3F432A488CDDB7C0988 /* Pods-Cudate!Tests.debug.xcconfig */ = {isa = PBXFileReference; includeInIndex = 1; lastKnownFileType = text.xcconfig; name = "Pods-Cudate!Tests.debug.xcconfig"; path = "Pods/Target Support Files/Pods-Cudate!Tests/Pods-Cudate!Tests.debug.xcconfig"; sourceTree = "<group>"; };
		4EE5F1C79D35F618B79A883F /* Pods-Cudate!.debug.xcconfig */ = {isa = PBXFileReference; includeInIndex = 1; lastKnownFileType = text.xcconfig; name = "Pods-Cudate!.debug.xcconfig"; path = "Pods/Target Support Files/Pods-Cudate!/Pods-Cudate!.debug.xcconfig"; sourceTree = "<group>"; };
		9234ADAD1FA17EFB0012C0CA /* Cudate!.app */ = {isa = PBXFileReference; explicitFileType = wrapper.application; includeInIndex = 0; path = "Cudate!.app"; sourceTree = BUILT_PRODUCTS_DIR; };
		9234ADB01FA17EFB0012C0CA /* AppDelegate.swift */ = {isa = PBXFileReference; lastKnownFileType = sourcecode.swift; path = AppDelegate.swift; sourceTree = "<group>"; };
		9234ADB21FA17EFB0012C0CA /* LoginViewController.swift */ = {isa = PBXFileReference; lastKnownFileType = sourcecode.swift; path = LoginViewController.swift; sourceTree = "<group>"; };
		9234ADB51FA17EFB0012C0CA /* Base */ = {isa = PBXFileReference; lastKnownFileType = file.storyboard; name = Base; path = Base.lproj/Main.storyboard; sourceTree = "<group>"; };
		9234ADB71FA17EFB0012C0CA /* Assets.xcassets */ = {isa = PBXFileReference; lastKnownFileType = folder.assetcatalog; path = Assets.xcassets; sourceTree = "<group>"; };
		9234ADBA1FA17EFB0012C0CA /* Base */ = {isa = PBXFileReference; lastKnownFileType = file.storyboard; name = Base; path = Base.lproj/LaunchScreen.storyboard; sourceTree = "<group>"; };
		9234ADBC1FA17EFB0012C0CA /* Info.plist */ = {isa = PBXFileReference; lastKnownFileType = text.plist.xml; path = Info.plist; sourceTree = "<group>"; };
		9234ADC11FA17EFB0012C0CA /* Cudate!Tests.xctest */ = {isa = PBXFileReference; explicitFileType = wrapper.cfbundle; includeInIndex = 0; path = "Cudate!Tests.xctest"; sourceTree = BUILT_PRODUCTS_DIR; };
		9234ADC51FA17EFC0012C0CA /* Cudate_Tests.swift */ = {isa = PBXFileReference; lastKnownFileType = sourcecode.swift; path = Cudate_Tests.swift; sourceTree = "<group>"; };
		9234ADC71FA17EFC0012C0CA /* Info.plist */ = {isa = PBXFileReference; lastKnownFileType = text.plist.xml; path = Info.plist; sourceTree = "<group>"; };
		9234ADCC1FA17EFC0012C0CA /* Cudate!UITests.xctest */ = {isa = PBXFileReference; explicitFileType = wrapper.cfbundle; includeInIndex = 0; path = "Cudate!UITests.xctest"; sourceTree = BUILT_PRODUCTS_DIR; };
		9234ADD01FA17EFC0012C0CA /* Cudate_UITests.swift */ = {isa = PBXFileReference; lastKnownFileType = sourcecode.swift; path = Cudate_UITests.swift; sourceTree = "<group>"; };
		9234ADD21FA17EFC0012C0CA /* Info.plist */ = {isa = PBXFileReference; lastKnownFileType = text.plist.xml; path = Info.plist; sourceTree = "<group>"; };
		9234ADDE1FA2DDEB0012C0CA /* CustomButtons.swift */ = {isa = PBXFileReference; fileEncoding = 4; lastKnownFileType = sourcecode.swift; path = CustomButtons.swift; sourceTree = "<group>"; };
		9234ADE01FA94A450012C0CA /* GoogleService-Info.plist */ = {isa = PBXFileReference; fileEncoding = 4; lastKnownFileType = text.plist.xml; path = "GoogleService-Info.plist"; sourceTree = "<group>"; };
		9234ADE71FAA96850012C0CA /* FirebaseNetworking.swift */ = {isa = PBXFileReference; fileEncoding = 4; lastKnownFileType = sourcecode.swift; path = FirebaseNetworking.swift; sourceTree = "<group>"; };
		9234ADEB1FB14A8E0012C0CA /* MapViewController.swift */ = {isa = PBXFileReference; fileEncoding = 4; lastKnownFileType = sourcecode.swift; path = MapViewController.swift; sourceTree = "<group>"; };
		9234ADED1FB14AA20012C0CA /* TableViewController.swift */ = {isa = PBXFileReference; fileEncoding = 4; lastKnownFileType = sourcecode.swift; path = TableViewController.swift; sourceTree = "<group>"; };
		924055381FC9D85200118235 /* CustomGeneralViews.swift */ = {isa = PBXFileReference; fileEncoding = 4; lastKnownFileType = sourcecode.swift; path = CustomGeneralViews.swift; sourceTree = "<group>"; };
		9240553B1FC9D8BD00118235 /* RegisterHandlerClass.swift */ = {isa = PBXFileReference; fileEncoding = 4; lastKnownFileType = sourcecode.swift; path = RegisterHandlerClass.swift; sourceTree = "<group>"; };
		9240553D1FC9D95F00118235 /* CustomTextFields.swift */ = {isa = PBXFileReference; fileEncoding = 4; lastKnownFileType = sourcecode.swift; path = CustomTextFields.swift; sourceTree = "<group>"; };
		924055401FC9DBAA00118235 /* ButtonsFromAPIs.swift */ = {isa = PBXFileReference; fileEncoding = 4; lastKnownFileType = sourcecode.swift; path = ButtonsFromAPIs.swift; sourceTree = "<group>"; };
		965190D97564B41571DC641E /* Pods-Cudate!Tests.release.xcconfig */ = {isa = PBXFileReference; includeInIndex = 1; lastKnownFileType = text.xcconfig; name = "Pods-Cudate!Tests.release.xcconfig"; path = "Pods/Target Support Files/Pods-Cudate!Tests/Pods-Cudate!Tests.release.xcconfig"; sourceTree = "<group>"; };
		B8A7836E2965515DD73042C4 /* Pods_Cudate_.framework */ = {isa = PBXFileReference; explicitFileType = wrapper.framework; includeInIndex = 0; path = Pods_Cudate_.framework; sourceTree = BUILT_PRODUCTS_DIR; };
		BA4F764709DB9DBE4C875BE6 /* Pods-Cudate!UITests.debug.xcconfig */ = {isa = PBXFileReference; includeInIndex = 1; lastKnownFileType = text.xcconfig; name = "Pods-Cudate!UITests.debug.xcconfig"; path = "Pods/Target Support Files/Pods-Cudate!UITests/Pods-Cudate!UITests.debug.xcconfig"; sourceTree = "<group>"; };
		BD4D7FB046ED1324032E3767 /* Pods_Cudate_Tests.framework */ = {isa = PBXFileReference; explicitFileType = wrapper.framework; includeInIndex = 0; path = Pods_Cudate_Tests.framework; sourceTree = BUILT_PRODUCTS_DIR; };
		C8E5FEFA96023283DE72A17E /* Pods-Cudate!.release.xcconfig */ = {isa = PBXFileReference; includeInIndex = 1; lastKnownFileType = text.xcconfig; name = "Pods-Cudate!.release.xcconfig"; path = "Pods/Target Support Files/Pods-Cudate!/Pods-Cudate!.release.xcconfig"; sourceTree = "<group>"; };
		E17EB830EA5BF7B1636C0062 /* Pods-Cudate!UITests.release.xcconfig */ = {isa = PBXFileReference; includeInIndex = 1; lastKnownFileType = text.xcconfig; name = "Pods-Cudate!UITests.release.xcconfig"; path = "Pods/Target Support Files/Pods-Cudate!UITests/Pods-Cudate!UITests.release.xcconfig"; sourceTree = "<group>"; };
/* End PBXFileReference section */

/* Begin PBXFrameworksBuildPhase section */
		9234ADAA1FA17EFB0012C0CA /* Frameworks */ = {
			isa = PBXFrameworksBuildPhase;
			buildActionMask = 2147483647;
			files = (
				89E3D2FC4F733706D194CD31 /* Pods_Cudate_.framework in Frameworks */,
			);
			runOnlyForDeploymentPostprocessing = 0;
		};
		9234ADBE1FA17EFB0012C0CA /* Frameworks */ = {
			isa = PBXFrameworksBuildPhase;
			buildActionMask = 2147483647;
			files = (
				6EA6D9F22347B1C6F96B1218 /* Pods_Cudate_Tests.framework in Frameworks */,
			);
			runOnlyForDeploymentPostprocessing = 0;
		};
		9234ADC91FA17EFC0012C0CA /* Frameworks */ = {
			isa = PBXFrameworksBuildPhase;
			buildActionMask = 2147483647;
			files = (
				9FA7E6110B3FDFEF18A933D5 /* Pods_Cudate_UITests.framework in Frameworks */,
			);
			runOnlyForDeploymentPostprocessing = 0;
		};
/* End PBXFrameworksBuildPhase section */

/* Begin PBXGroup section */
		7A7A7CBD1799856CE8CB7DAF /* Frameworks */ = {
			isa = PBXGroup;
			children = (
				B8A7836E2965515DD73042C4 /* Pods_Cudate_.framework */,
				BD4D7FB046ED1324032E3767 /* Pods_Cudate_Tests.framework */,
				12658CCDB4D2E209271043D4 /* Pods_Cudate_UITests.framework */,
			);
			name = Frameworks;
			sourceTree = "<group>";
		};
		9234ADA41FA17EFB0012C0CA = {
			isa = PBXGroup;
			children = (
				9234ADAF1FA17EFB0012C0CA /* Cudate! */,
				9234ADC41FA17EFC0012C0CA /* Cudate!Tests */,
				9234ADCF1FA17EFC0012C0CA /* Cudate!UITests */,
				9234ADAE1FA17EFB0012C0CA /* Products */,
				A7598947D864CB8264246DEE /* Pods */,
				7A7A7CBD1799856CE8CB7DAF /* Frameworks */,
			);
			sourceTree = "<group>";
		};
		9234ADAE1FA17EFB0012C0CA /* Products */ = {
			isa = PBXGroup;
			children = (
				9234ADAD1FA17EFB0012C0CA /* Cudate!.app */,
				9234ADC11FA17EFB0012C0CA /* Cudate!Tests.xctest */,
				9234ADCC1FA17EFC0012C0CA /* Cudate!UITests.xctest */,
			);
			name = Products;
			sourceTree = "<group>";
		};
		9234ADAF1FA17EFB0012C0CA /* Cudate! */ = {
			isa = PBXGroup;
			children = (
				9240553A1FC9D8A700118235 /* CustomClasses */,
				9234ADE61FAA93BE0012C0CA /* NetworkingCode */,
				9234ADE51FAA90D80012C0CA /* HelperFiles */,
				9234ADE41FAA90C70012C0CA /* Controllers */,
				9234ADE31FAA90C20012C0CA /* Model */,
				9234ADE21FAA90B40012C0CA /* Views */,
			);
			path = "Cudate!";
			sourceTree = "<group>";
		};
		9234ADC41FA17EFC0012C0CA /* Cudate!Tests */ = {
			isa = PBXGroup;
			children = (
				9234ADC51FA17EFC0012C0CA /* Cudate_Tests.swift */,
				9234ADC71FA17EFC0012C0CA /* Info.plist */,
			);
			path = "Cudate!Tests";
			sourceTree = "<group>";
		};
		9234ADCF1FA17EFC0012C0CA /* Cudate!UITests */ = {
			isa = PBXGroup;
			children = (
				9234ADD01FA17EFC0012C0CA /* Cudate_UITests.swift */,
				9234ADD21FA17EFC0012C0CA /* Info.plist */,
			);
			path = "Cudate!UITests";
			sourceTree = "<group>";
		};
		9234ADE21FAA90B40012C0CA /* Views */ = {
			isa = PBXGroup;
			children = (
				9234ADDE1FA2DDEB0012C0CA /* CustomButtons.swift */,
				924055381FC9D85200118235 /* CustomGeneralViews.swift */,
				9240553D1FC9D95F00118235 /* CustomTextFields.swift */,
				924055401FC9DBAA00118235 /* ButtonsFromAPIs.swift */,
			);
			name = Views;
			sourceTree = "<group>";
		};
		9234ADE31FAA90C20012C0CA /* Model */ = {
			isa = PBXGroup;
			children = (
			);
			name = Model;
			sourceTree = "<group>";
		};
		9234ADE41FAA90C70012C0CA /* Controllers */ = {
			isa = PBXGroup;
			children = (
				9234ADB21FA17EFB0012C0CA /* LoginViewController.swift */,
				9234ADEB1FB14A8E0012C0CA /* MapViewController.swift */,
				9234ADED1FB14AA20012C0CA /* TableViewController.swift */,
			);
			name = Controllers;
			sourceTree = "<group>";
		};
		9234ADE51FAA90D80012C0CA /* HelperFiles */ = {
			isa = PBXGroup;
			children = (
				9234ADB41FA17EFB0012C0CA /* Main.storyboard */,
				9234ADB01FA17EFB0012C0CA /* AppDelegate.swift */,
				9234ADB71FA17EFB0012C0CA /* Assets.xcassets */,
				9234ADB91FA17EFB0012C0CA /* LaunchScreen.storyboard */,
				9234ADE01FA94A450012C0CA /* GoogleService-Info.plist */,
				9234ADBC1FA17EFB0012C0CA /* Info.plist */,
			);
			name = HelperFiles;
			sourceTree = "<group>";
		};
		9234ADE61FAA93BE0012C0CA /* NetworkingCode */ = {
			isa = PBXGroup;
			children = (
				9234ADE71FAA96850012C0CA /* FirebaseNetworking.swift */,
			);
			name = NetworkingCode;
			sourceTree = "<group>";
		};
		9240553A1FC9D8A700118235 /* CustomClasses */ = {
			isa = PBXGroup;
			children = (
				9240553B1FC9D8BD00118235 /* RegisterHandlerClass.swift */,
			);
			name = CustomClasses;
			sourceTree = "<group>";
		};
		A7598947D864CB8264246DEE /* Pods */ = {
			isa = PBXGroup;
			children = (
				4EE5F1C79D35F618B79A883F /* Pods-Cudate!.debug.xcconfig */,
				C8E5FEFA96023283DE72A17E /* Pods-Cudate!.release.xcconfig */,
				1666B3F432A488CDDB7C0988 /* Pods-Cudate!Tests.debug.xcconfig */,
				965190D97564B41571DC641E /* Pods-Cudate!Tests.release.xcconfig */,
				BA4F764709DB9DBE4C875BE6 /* Pods-Cudate!UITests.debug.xcconfig */,
				E17EB830EA5BF7B1636C0062 /* Pods-Cudate!UITests.release.xcconfig */,
			);
			name = Pods;
			sourceTree = "<group>";
		};
/* End PBXGroup section */

/* Begin PBXNativeTarget section */
		9234ADAC1FA17EFB0012C0CA /* Cudate! */ = {
			isa = PBXNativeTarget;
			buildConfigurationList = 9234ADD51FA17EFC0012C0CA /* Build configuration list for PBXNativeTarget "Cudate!" */;
			buildPhases = (
				B39B6AC22BDF7F3EAA205853 /* [CP] Check Pods Manifest.lock */,
				9234ADA91FA17EFB0012C0CA /* Sources */,
				9234ADAA1FA17EFB0012C0CA /* Frameworks */,
				9234ADAB1FA17EFB0012C0CA /* Resources */,
				D8444B917BBA1D4FDAFA304B /* [CP] Embed Pods Frameworks */,
				9474F391A5E700ACF1125E2F /* [CP] Copy Pods Resources */,
			);
			buildRules = (
			);
			dependencies = (
			);
			name = "Cudate!";
			productName = "Cudate!";
			productReference = 9234ADAD1FA17EFB0012C0CA /* Cudate!.app */;
			productType = "com.apple.product-type.application";
		};
		9234ADC01FA17EFB0012C0CA /* Cudate!Tests */ = {
			isa = PBXNativeTarget;
			buildConfigurationList = 9234ADD81FA17EFC0012C0CA /* Build configuration list for PBXNativeTarget "Cudate!Tests" */;
			buildPhases = (
				52337CE974BCDEC8B3B29D04 /* [CP] Check Pods Manifest.lock */,
				9234ADBD1FA17EFB0012C0CA /* Sources */,
				9234ADBE1FA17EFB0012C0CA /* Frameworks */,
				9234ADBF1FA17EFB0012C0CA /* Resources */,
				B9D291BDC99F1B2B68EAE534 /* [CP] Embed Pods Frameworks */,
				C78617EC2FD41F7A11EA4EC9 /* [CP] Copy Pods Resources */,
			);
			buildRules = (
			);
			dependencies = (
				9234ADC31FA17EFC0012C0CA /* PBXTargetDependency */,
			);
			name = "Cudate!Tests";
			productName = "Cudate!Tests";
			productReference = 9234ADC11FA17EFB0012C0CA /* Cudate!Tests.xctest */;
			productType = "com.apple.product-type.bundle.unit-test";
		};
		9234ADCB1FA17EFC0012C0CA /* Cudate!UITests */ = {
			isa = PBXNativeTarget;
			buildConfigurationList = 9234ADDB1FA17EFC0012C0CA /* Build configuration list for PBXNativeTarget "Cudate!UITests" */;
			buildPhases = (
				E8F6E5551D6217C643E58AD4 /* [CP] Check Pods Manifest.lock */,
				9234ADC81FA17EFC0012C0CA /* Sources */,
				9234ADC91FA17EFC0012C0CA /* Frameworks */,
				9234ADCA1FA17EFC0012C0CA /* Resources */,
				43627A14FB8FF57D983F7A4D /* [CP] Embed Pods Frameworks */,
				1E4776C476654001105A2C32 /* [CP] Copy Pods Resources */,
			);
			buildRules = (
			);
			dependencies = (
				9234ADCE1FA17EFC0012C0CA /* PBXTargetDependency */,
			);
			name = "Cudate!UITests";
			productName = "Cudate!UITests";
			productReference = 9234ADCC1FA17EFC0012C0CA /* Cudate!UITests.xctest */;
			productType = "com.apple.product-type.bundle.ui-testing";
		};
/* End PBXNativeTarget section */

/* Begin PBXProject section */
		9234ADA51FA17EFB0012C0CA /* Project object */ = {
			isa = PBXProject;
			attributes = {
				LastSwiftUpdateCheck = 0830;
				LastUpgradeCheck = 0830;
				ORGANIZATIONNAME = "Michael Doroff";
				TargetAttributes = {
					9234ADAC1FA17EFB0012C0CA = {
						CreatedOnToolsVersion = 8.3.3;
						DevelopmentTeam = 2E3GYECC25;
						ProvisioningStyle = Automatic;
					};
					9234ADC01FA17EFB0012C0CA = {
						CreatedOnToolsVersion = 8.3.3;
						DevelopmentTeam = 59246CF2XH;
						ProvisioningStyle = Automatic;
						TestTargetID = 9234ADAC1FA17EFB0012C0CA;
					};
					9234ADCB1FA17EFC0012C0CA = {
						CreatedOnToolsVersion = 8.3.3;
						DevelopmentTeam = 59246CF2XH;
						ProvisioningStyle = Automatic;
						TestTargetID = 9234ADAC1FA17EFB0012C0CA;
					};
				};
			};
			buildConfigurationList = 9234ADA81FA17EFB0012C0CA /* Build configuration list for PBXProject "Cudate!" */;
			compatibilityVersion = "Xcode 3.2";
			developmentRegion = English;
			hasScannedForEncodings = 0;
			knownRegions = (
				en,
				Base,
			);
			mainGroup = 9234ADA41FA17EFB0012C0CA;
			productRefGroup = 9234ADAE1FA17EFB0012C0CA /* Products */;
			projectDirPath = "";
			projectRoot = "";
			targets = (
				9234ADAC1FA17EFB0012C0CA /* Cudate! */,
				9234ADC01FA17EFB0012C0CA /* Cudate!Tests */,
				9234ADCB1FA17EFC0012C0CA /* Cudate!UITests */,
			);
		};
/* End PBXProject section */

/* Begin PBXResourcesBuildPhase section */
		9234ADAB1FA17EFB0012C0CA /* Resources */ = {
			isa = PBXResourcesBuildPhase;
			buildActionMask = 2147483647;
			files = (
				9234ADBB1FA17EFB0012C0CA /* LaunchScreen.storyboard in Resources */,
				9234ADB81FA17EFB0012C0CA /* Assets.xcassets in Resources */,
				9234ADE11FA94A450012C0CA /* GoogleService-Info.plist in Resources */,
				9234ADB61FA17EFB0012C0CA /* Main.storyboard in Resources */,
			);
			runOnlyForDeploymentPostprocessing = 0;
		};
		9234ADBF1FA17EFB0012C0CA /* Resources */ = {
			isa = PBXResourcesBuildPhase;
			buildActionMask = 2147483647;
			files = (
			);
			runOnlyForDeploymentPostprocessing = 0;
		};
		9234ADCA1FA17EFC0012C0CA /* Resources */ = {
			isa = PBXResourcesBuildPhase;
			buildActionMask = 2147483647;
			files = (
			);
			runOnlyForDeploymentPostprocessing = 0;
		};
/* End PBXResourcesBuildPhase section */

/* Begin PBXShellScriptBuildPhase section */
		1E4776C476654001105A2C32 /* [CP] Copy Pods Resources */ = {
			isa = PBXShellScriptBuildPhase;
			buildActionMask = 2147483647;
			files = (
			);
			inputPaths = (
			);
			name = "[CP] Copy Pods Resources";
			outputPaths = (
			);
			runOnlyForDeploymentPostprocessing = 0;
			shellPath = /bin/sh;
			shellScript = "\"${SRCROOT}/Pods/Target Support Files/Pods-Cudate!UITests/Pods-Cudate!UITests-resources.sh\"\n";
			showEnvVarsInLog = 0;
		};
		43627A14FB8FF57D983F7A4D /* [CP] Embed Pods Frameworks */ = {
			isa = PBXShellScriptBuildPhase;
			buildActionMask = 2147483647;
			files = (
			);
			inputPaths = (
			);
			name = "[CP] Embed Pods Frameworks";
			outputPaths = (
			);
			runOnlyForDeploymentPostprocessing = 0;
			shellPath = /bin/sh;
			shellScript = "\"${SRCROOT}/Pods/Target Support Files/Pods-Cudate!UITests/Pods-Cudate!UITests-frameworks.sh\"\n";
			showEnvVarsInLog = 0;
		};
		52337CE974BCDEC8B3B29D04 /* [CP] Check Pods Manifest.lock */ = {
			isa = PBXShellScriptBuildPhase;
			buildActionMask = 2147483647;
			files = (
			);
			inputPaths = (
			);
			name = "[CP] Check Pods Manifest.lock";
			outputPaths = (
			);
			runOnlyForDeploymentPostprocessing = 0;
			shellPath = /bin/sh;
			shellScript = "diff \"${PODS_PODFILE_DIR_PATH}/Podfile.lock\" \"${PODS_ROOT}/Manifest.lock\" > /dev/null\nif [ $? != 0 ] ; then\n    # print error to STDERR\n    echo \"error: The sandbox is not in sync with the Podfile.lock. Run 'pod install' or update your CocoaPods installation.\" >&2\n    exit 1\nfi\n";
			showEnvVarsInLog = 0;
		};
		9474F391A5E700ACF1125E2F /* [CP] Copy Pods Resources */ = {
			isa = PBXShellScriptBuildPhase;
			buildActionMask = 2147483647;
			files = (
			);
			inputPaths = (
			);
			name = "[CP] Copy Pods Resources";
			outputPaths = (
			);
			runOnlyForDeploymentPostprocessing = 0;
			shellPath = /bin/sh;
			shellScript = "\"${SRCROOT}/Pods/Target Support Files/Pods-Cudate!/Pods-Cudate!-resources.sh\"\n";
			showEnvVarsInLog = 0;
		};
		B39B6AC22BDF7F3EAA205853 /* [CP] Check Pods Manifest.lock */ = {
			isa = PBXShellScriptBuildPhase;
			buildActionMask = 2147483647;
			files = (
			);
			inputPaths = (
			);
			name = "[CP] Check Pods Manifest.lock";
			outputPaths = (
			);
			runOnlyForDeploymentPostprocessing = 0;
			shellPath = /bin/sh;
			shellScript = "diff \"${PODS_PODFILE_DIR_PATH}/Podfile.lock\" \"${PODS_ROOT}/Manifest.lock\" > /dev/null\nif [ $? != 0 ] ; then\n    # print error to STDERR\n    echo \"error: The sandbox is not in sync with the Podfile.lock. Run 'pod install' or update your CocoaPods installation.\" >&2\n    exit 1\nfi\n";
			showEnvVarsInLog = 0;
		};
		B9D291BDC99F1B2B68EAE534 /* [CP] Embed Pods Frameworks */ = {
			isa = PBXShellScriptBuildPhase;
			buildActionMask = 2147483647;
			files = (
			);
			inputPaths = (
			);
			name = "[CP] Embed Pods Frameworks";
			outputPaths = (
			);
			runOnlyForDeploymentPostprocessing = 0;
			shellPath = /bin/sh;
			shellScript = "\"${SRCROOT}/Pods/Target Support Files/Pods-Cudate!Tests/Pods-Cudate!Tests-frameworks.sh\"\n";
			showEnvVarsInLog = 0;
		};
		C78617EC2FD41F7A11EA4EC9 /* [CP] Copy Pods Resources */ = {
			isa = PBXShellScriptBuildPhase;
			buildActionMask = 2147483647;
			files = (
			);
			inputPaths = (
			);
			name = "[CP] Copy Pods Resources";
			outputPaths = (
			);
			runOnlyForDeploymentPostprocessing = 0;
			shellPath = /bin/sh;
			shellScript = "\"${SRCROOT}/Pods/Target Support Files/Pods-Cudate!Tests/Pods-Cudate!Tests-resources.sh\"\n";
			showEnvVarsInLog = 0;
		};
		D8444B917BBA1D4FDAFA304B /* [CP] Embed Pods Frameworks */ = {
			isa = PBXShellScriptBuildPhase;
			buildActionMask = 2147483647;
			files = (
			);
			inputPaths = (
			);
			name = "[CP] Embed Pods Frameworks";
			outputPaths = (
			);
			runOnlyForDeploymentPostprocessing = 0;
			shellPath = /bin/sh;
			shellScript = "\"${SRCROOT}/Pods/Target Support Files/Pods-Cudate!/Pods-Cudate!-frameworks.sh\"\n";
			showEnvVarsInLog = 0;
		};
		E8F6E5551D6217C643E58AD4 /* [CP] Check Pods Manifest.lock */ = {
			isa = PBXShellScriptBuildPhase;
			buildActionMask = 2147483647;
			files = (
			);
			inputPaths = (
			);
			name = "[CP] Check Pods Manifest.lock";
			outputPaths = (
			);
			runOnlyForDeploymentPostprocessing = 0;
			shellPath = /bin/sh;
			shellScript = "diff \"${PODS_PODFILE_DIR_PATH}/Podfile.lock\" \"${PODS_ROOT}/Manifest.lock\" > /dev/null\nif [ $? != 0 ] ; then\n    # print error to STDERR\n    echo \"error: The sandbox is not in sync with the Podfile.lock. Run 'pod install' or update your CocoaPods installation.\" >&2\n    exit 1\nfi\n";
			showEnvVarsInLog = 0;
		};
/* End PBXShellScriptBuildPhase section */

/* Begin PBXSourcesBuildPhase section */
		9234ADA91FA17EFB0012C0CA /* Sources */ = {
			isa = PBXSourcesBuildPhase;
			buildActionMask = 2147483647;
			files = (
				9234ADE81FAA96850012C0CA /* FirebaseNetworking.swift in Sources */,
				9234ADEE1FB14AA20012C0CA /* TableViewController.swift in Sources */,
				924055391FC9D85200118235 /* CustomGeneralViews.swift in Sources */,
				9240553E1FC9D95F00118235 /* CustomTextFields.swift in Sources */,
				9234ADEC1FB14A8E0012C0CA /* MapViewController.swift in Sources */,
				9234ADB31FA17EFB0012C0CA /* LoginViewController.swift in Sources */,
				924055411FC9DBAA00118235 /* ButtonsFromAPIs.swift in Sources */,
				9234ADDF1FA2DDEB0012C0CA /* CustomButtons.swift in Sources */,
				9240553C1FC9D8BD00118235 /* RegisterHandlerClass.swift in Sources */,
				9234ADB11FA17EFB0012C0CA /* AppDelegate.swift in Sources */,
			);
			runOnlyForDeploymentPostprocessing = 0;
		};
		9234ADBD1FA17EFB0012C0CA /* Sources */ = {
			isa = PBXSourcesBuildPhase;
			buildActionMask = 2147483647;
			files = (
				9234ADC61FA17EFC0012C0CA /* Cudate_Tests.swift in Sources */,
			);
			runOnlyForDeploymentPostprocessing = 0;
		};
		9234ADC81FA17EFC0012C0CA /* Sources */ = {
			isa = PBXSourcesBuildPhase;
			buildActionMask = 2147483647;
			files = (
				9234ADD11FA17EFC0012C0CA /* Cudate_UITests.swift in Sources */,
			);
			runOnlyForDeploymentPostprocessing = 0;
		};
/* End PBXSourcesBuildPhase section */

/* Begin PBXTargetDependency section */
		9234ADC31FA17EFC0012C0CA /* PBXTargetDependency */ = {
			isa = PBXTargetDependency;
			target = 9234ADAC1FA17EFB0012C0CA /* Cudate! */;
			targetProxy = 9234ADC21FA17EFC0012C0CA /* PBXContainerItemProxy */;
		};
		9234ADCE1FA17EFC0012C0CA /* PBXTargetDependency */ = {
			isa = PBXTargetDependency;
			target = 9234ADAC1FA17EFB0012C0CA /* Cudate! */;
			targetProxy = 9234ADCD1FA17EFC0012C0CA /* PBXContainerItemProxy */;
		};
/* End PBXTargetDependency section */

/* Begin PBXVariantGroup section */
		9234ADB41FA17EFB0012C0CA /* Main.storyboard */ = {
			isa = PBXVariantGroup;
			children = (
				9234ADB51FA17EFB0012C0CA /* Base */,
			);
			name = Main.storyboard;
			sourceTree = "<group>";
		};
		9234ADB91FA17EFB0012C0CA /* LaunchScreen.storyboard */ = {
			isa = PBXVariantGroup;
			children = (
				9234ADBA1FA17EFB0012C0CA /* Base */,
			);
			name = LaunchScreen.storyboard;
			sourceTree = "<group>";
		};
/* End PBXVariantGroup section */

/* Begin XCBuildConfiguration section */
		9234ADD31FA17EFC0012C0CA /* Debug */ = {
			isa = XCBuildConfiguration;
			buildSettings = {
				ALWAYS_SEARCH_USER_PATHS = NO;
				CLANG_ANALYZER_NONNULL = YES;
				CLANG_ANALYZER_NUMBER_OBJECT_CONVERSION = YES_AGGRESSIVE;
				CLANG_CXX_LANGUAGE_STANDARD = "gnu++0x";
				CLANG_CXX_LIBRARY = "libc++";
				CLANG_ENABLE_MODULES = YES;
				CLANG_ENABLE_OBJC_ARC = YES;
				CLANG_WARN_BOOL_CONVERSION = YES;
				CLANG_WARN_CONSTANT_CONVERSION = YES;
				CLANG_WARN_DIRECT_OBJC_ISA_USAGE = YES_ERROR;
				CLANG_WARN_DOCUMENTATION_COMMENTS = YES;
				CLANG_WARN_EMPTY_BODY = YES;
				CLANG_WARN_ENUM_CONVERSION = YES;
				CLANG_WARN_INFINITE_RECURSION = YES;
				CLANG_WARN_INT_CONVERSION = YES;
				CLANG_WARN_OBJC_ROOT_CLASS = YES_ERROR;
				CLANG_WARN_SUSPICIOUS_MOVE = YES;
				CLANG_WARN_UNREACHABLE_CODE = YES;
				CLANG_WARN__DUPLICATE_METHOD_MATCH = YES;
				"CODE_SIGN_IDENTITY[sdk=iphoneos*]" = "iPhone Developer";
				COPY_PHASE_STRIP = NO;
				DEBUG_INFORMATION_FORMAT = dwarf;
				ENABLE_STRICT_OBJC_MSGSEND = YES;
				ENABLE_TESTABILITY = YES;
				GCC_C_LANGUAGE_STANDARD = gnu99;
				GCC_DYNAMIC_NO_PIC = NO;
				GCC_NO_COMMON_BLOCKS = YES;
				GCC_OPTIMIZATION_LEVEL = 0;
				GCC_PREPROCESSOR_DEFINITIONS = (
					"DEBUG=1",
					"$(inherited)",
				);
				GCC_WARN_64_TO_32_BIT_CONVERSION = YES;
				GCC_WARN_ABOUT_RETURN_TYPE = YES_ERROR;
				GCC_WARN_UNDECLARED_SELECTOR = YES;
				GCC_WARN_UNINITIALIZED_AUTOS = YES_AGGRESSIVE;
				GCC_WARN_UNUSED_FUNCTION = YES;
				GCC_WARN_UNUSED_VARIABLE = YES;
				IPHONEOS_DEPLOYMENT_TARGET = 10.3;
				MTL_ENABLE_DEBUG_INFO = YES;
				ONLY_ACTIVE_ARCH = YES;
				SDKROOT = iphoneos;
				SWIFT_ACTIVE_COMPILATION_CONDITIONS = DEBUG;
				SWIFT_OPTIMIZATION_LEVEL = "-Onone";
			};
			name = Debug;
		};
		9234ADD41FA17EFC0012C0CA /* Release */ = {
			isa = XCBuildConfiguration;
			buildSettings = {
				ALWAYS_SEARCH_USER_PATHS = NO;
				CLANG_ANALYZER_NONNULL = YES;
				CLANG_ANALYZER_NUMBER_OBJECT_CONVERSION = YES_AGGRESSIVE;
				CLANG_CXX_LANGUAGE_STANDARD = "gnu++0x";
				CLANG_CXX_LIBRARY = "libc++";
				CLANG_ENABLE_MODULES = YES;
				CLANG_ENABLE_OBJC_ARC = YES;
				CLANG_WARN_BOOL_CONVERSION = YES;
				CLANG_WARN_CONSTANT_CONVERSION = YES;
				CLANG_WARN_DIRECT_OBJC_ISA_USAGE = YES_ERROR;
				CLANG_WARN_DOCUMENTATION_COMMENTS = YES;
				CLANG_WARN_EMPTY_BODY = YES;
				CLANG_WARN_ENUM_CONVERSION = YES;
				CLANG_WARN_INFINITE_RECURSION = YES;
				CLANG_WARN_INT_CONVERSION = YES;
				CLANG_WARN_OBJC_ROOT_CLASS = YES_ERROR;
				CLANG_WARN_SUSPICIOUS_MOVE = YES;
				CLANG_WARN_UNREACHABLE_CODE = YES;
				CLANG_WARN__DUPLICATE_METHOD_MATCH = YES;
				"CODE_SIGN_IDENTITY[sdk=iphoneos*]" = "iPhone Developer";
				COPY_PHASE_STRIP = NO;
				DEBUG_INFORMATION_FORMAT = "dwarf-with-dsym";
				ENABLE_NS_ASSERTIONS = NO;
				ENABLE_STRICT_OBJC_MSGSEND = YES;
				GCC_C_LANGUAGE_STANDARD = gnu99;
				GCC_NO_COMMON_BLOCKS = YES;
				GCC_WARN_64_TO_32_BIT_CONVERSION = YES;
				GCC_WARN_ABOUT_RETURN_TYPE = YES_ERROR;
				GCC_WARN_UNDECLARED_SELECTOR = YES;
				GCC_WARN_UNINITIALIZED_AUTOS = YES_AGGRESSIVE;
				GCC_WARN_UNUSED_FUNCTION = YES;
				GCC_WARN_UNUSED_VARIABLE = YES;
				IPHONEOS_DEPLOYMENT_TARGET = 10.3;
				MTL_ENABLE_DEBUG_INFO = NO;
				SDKROOT = iphoneos;
				SWIFT_OPTIMIZATION_LEVEL = "-Owholemodule";
				VALIDATE_PRODUCT = YES;
			};
			name = Release;
		};
		9234ADD61FA17EFC0012C0CA /* Debug */ = {
			isa = XCBuildConfiguration;
			baseConfigurationReference = 4EE5F1C79D35F618B79A883F /* Pods-Cudate!.debug.xcconfig */;
			buildSettings = {
				ASSETCATALOG_COMPILER_APPICON_NAME = AppIcon;
				DEVELOPMENT_TEAM = 2E3GYECC25;
				INFOPLIST_FILE = "Cudate!/Info.plist";
				LD_RUNPATH_SEARCH_PATHS = "$(inherited) @executable_path/Frameworks";
				PRODUCT_BUNDLE_IDENTIFIER = "www.google.com.Cudate-";
				PRODUCT_NAME = "$(TARGET_NAME)";
				SWIFT_VERSION = 3.0;
			};
			name = Debug;
		};
		9234ADD71FA17EFC0012C0CA /* Release */ = {
			isa = XCBuildConfiguration;
			baseConfigurationReference = C8E5FEFA96023283DE72A17E /* Pods-Cudate!.release.xcconfig */;
			buildSettings = {
				ASSETCATALOG_COMPILER_APPICON_NAME = AppIcon;
				DEVELOPMENT_TEAM = 2E3GYECC25;
				INFOPLIST_FILE = "Cudate!/Info.plist";
				LD_RUNPATH_SEARCH_PATHS = "$(inherited) @executable_path/Frameworks";
				PRODUCT_BUNDLE_IDENTIFIER = "www.google.com.Cudate-";
				PRODUCT_NAME = "$(TARGET_NAME)";
				SWIFT_VERSION = 3.0;
			};
			name = Release;
		};
		9234ADD91FA17EFC0012C0CA /* Debug */ = {
			isa = XCBuildConfiguration;
			baseConfigurationReference = 1666B3F432A488CDDB7C0988 /* Pods-Cudate!Tests.debug.xcconfig */;
			buildSettings = {
				ALWAYS_EMBED_SWIFT_STANDARD_LIBRARIES = YES;
				BUNDLE_LOADER = "$(TEST_HOST)";
				DEVELOPMENT_TEAM = 59246CF2XH;
				INFOPLIST_FILE = "Cudate!Tests/Info.plist";
				LD_RUNPATH_SEARCH_PATHS = "$(inherited) @executable_path/Frameworks @loader_path/Frameworks";
				PRODUCT_BUNDLE_IDENTIFIER = "www.google.com.Cudate-Tests";
				PRODUCT_NAME = "$(TARGET_NAME)";
				SWIFT_VERSION = 3.0;
				TEST_HOST = "$(BUILT_PRODUCTS_DIR)/Cudate!.app/Cudate!";
			};
			name = Debug;
		};
		9234ADDA1FA17EFC0012C0CA /* Release */ = {
			isa = XCBuildConfiguration;
			baseConfigurationReference = 965190D97564B41571DC641E /* Pods-Cudate!Tests.release.xcconfig */;
			buildSettings = {
				ALWAYS_EMBED_SWIFT_STANDARD_LIBRARIES = YES;
				BUNDLE_LOADER = "$(TEST_HOST)";
				DEVELOPMENT_TEAM = 59246CF2XH;
				INFOPLIST_FILE = "Cudate!Tests/Info.plist";
				LD_RUNPATH_SEARCH_PATHS = "$(inherited) @executable_path/Frameworks @loader_path/Frameworks";
				PRODUCT_BUNDLE_IDENTIFIER = "www.google.com.Cudate-Tests";
				PRODUCT_NAME = "$(TARGET_NAME)";
				SWIFT_VERSION = 3.0;
				TEST_HOST = "$(BUILT_PRODUCTS_DIR)/Cudate!.app/Cudate!";
			};
			name = Release;
		};
		9234ADDC1FA17EFC0012C0CA /* Debug */ = {
			isa = XCBuildConfiguration;
			baseConfigurationReference = BA4F764709DB9DBE4C875BE6 /* Pods-Cudate!UITests.debug.xcconfig */;
			buildSettings = {
				ALWAYS_EMBED_SWIFT_STANDARD_LIBRARIES = YES;
				DEVELOPMENT_TEAM = 59246CF2XH;
				INFOPLIST_FILE = "Cudate!UITests/Info.plist";
				LD_RUNPATH_SEARCH_PATHS = "$(inherited) @executable_path/Frameworks @loader_path/Frameworks";
				PRODUCT_BUNDLE_IDENTIFIER = "www.google.com.Cudate-UITests";
				PRODUCT_NAME = "$(TARGET_NAME)";
				SWIFT_VERSION = 3.0;
				TEST_TARGET_NAME = "Cudate!";
			};
			name = Debug;
		};
		9234ADDD1FA17EFC0012C0CA /* Release */ = {
			isa = XCBuildConfiguration;
			baseConfigurationReference = E17EB830EA5BF7B1636C0062 /* Pods-Cudate!UITests.release.xcconfig */;
			buildSettings = {
				ALWAYS_EMBED_SWIFT_STANDARD_LIBRARIES = YES;
				DEVELOPMENT_TEAM = 59246CF2XH;
				INFOPLIST_FILE = "Cudate!UITests/Info.plist";
				LD_RUNPATH_SEARCH_PATHS = "$(inherited) @executable_path/Frameworks @loader_path/Frameworks";
				PRODUCT_BUNDLE_IDENTIFIER = "www.google.com.Cudate-UITests";
				PRODUCT_NAME = "$(TARGET_NAME)";
				SWIFT_VERSION = 3.0;
				TEST_TARGET_NAME = "Cudate!";
			};
			name = Release;
		};
/* End XCBuildConfiguration section */

/* Begin XCConfigurationList section */
		9234ADA81FA17EFB0012C0CA /* Build configuration list for PBXProject "Cudate!" */ = {
			isa = XCConfigurationList;
			buildConfigurations = (
				9234ADD31FA17EFC0012C0CA /* Debug */,
				9234ADD41FA17EFC0012C0CA /* Release */,
			);
			defaultConfigurationIsVisible = 0;
			defaultConfigurationName = Release;
		};
		9234ADD51FA17EFC0012C0CA /* Build configuration list for PBXNativeTarget "Cudate!" */ = {
			isa = XCConfigurationList;
			buildConfigurations = (
				9234ADD61FA17EFC0012C0CA /* Debug */,
				9234ADD71FA17EFC0012C0CA /* Release */,
			);
			defaultConfigurationIsVisible = 0;
			defaultConfigurationName = Release;
		};
		9234ADD81FA17EFC0012C0CA /* Build configuration list for PBXNativeTarget "Cudate!Tests" */ = {
			isa = XCConfigurationList;
			buildConfigurations = (
				9234ADD91FA17EFC0012C0CA /* Debug */,
				9234ADDA1FA17EFC0012C0CA /* Release */,
			);
			defaultConfigurationIsVisible = 0;
			defaultConfigurationName = Release;
		};
		9234ADDB1FA17EFC0012C0CA /* Build configuration list for PBXNativeTarget "Cudate!UITests" */ = {
			isa = XCConfigurationList;
			buildConfigurations = (
				9234ADDC1FA17EFC0012C0CA /* Debug */,
				9234ADDD1FA17EFC0012C0CA /* Release */,
			);
			defaultConfigurationIsVisible = 0;
			defaultConfigurationName = Release;
		};
/* End XCConfigurationList section */
	};
	rootObject = 9234ADA51FA17EFB0012C0CA /* Project object */;
}
